
Microsoft Visual Studio Solution File, Format Version 12.00
# Visual Studio Version 17
VisualStudioVersion = 17.11.35312.102
MinimumVisualStudioVersion = 10.0.40219.1
Project("{8BC9CEB8-8B4A-11D0-8D11-00A0C91BC942}") = "test", "test\test.vcxproj", "{C68CFC2A-B6E4-41B2-81C8-4B4995BD3217}"
EndProject
Global
	GlobalSection(SolutionConfigurationPlatforms) = preSolution
		Debug|ARM64 = Debug|ARM64
		Debug|x64 = Debug|x64
		Release|ARM64 = Release|ARM64
		Release|x64 = Release|x64
	EndGlobalSection
	GlobalSection(ProjectConfigurationPlatforms) = postSolution
		{C68CFC2A-B6E4-41B2-81C8-4B4995BD3217}.Debug|ARM64.ActiveCfg = Debug|ARM64
		{C68CFC2A-B6E4-41B2-81C8-4B4995BD3217}.Debug|ARM64.Build.0 = Debug|ARM64
		{C68CFC2A-B6E4-41B2-81C8-4B4995BD3217}.Debug|ARM64.Deploy.0 = Debug|ARM64
		{C68CFC2A-B6E4-41B2-81C8-4B4995BD3217}.Debug|x64.ActiveCfg = Debug|x64
		{C68CFC2A-B6E4-41B2-81C8-4B4995BD3217}.Debug|x64.Build.0 = Debug|x64
		{C68CFC2A-B6E4-41B2-81C8-4B4995BD3217}.Debug|x64.Deploy.0 = Debug|x64
		{C68CFC2A-B6E4-41B2-81C8-4B4995BD3217}.Release|ARM64.ActiveCfg = Release|ARM64
		{C68CFC2A-B6E4-41B2-81C8-4B4995BD3217}.Release|ARM64.Build.0 = Release|ARM64
		{C68CFC2A-B6E4-41B2-81C8-4B4995BD3217}.Release|ARM64.Deploy.0 = Release|ARM64
		{C68CFC2A-B6E4-41B2-81C8-4B4995BD3217}.Release|x64.ActiveCfg = Release|x64
		{C68CFC2A-B6E4-41B2-81C8-4B4995BD3217}.Release|x64.Build.0 = Release|x64
		{C68CFC2A-B6E4-41B2-81C8-4B4995BD3217}.Release|x64.Deploy.0 = Release|x64
	EndGlobalSection
	GlobalSection(SolutionProperties) = preSolution
		HideSolutionNode = FALSE
	EndGlobalSection
	GlobalSection(ExtensibilityGlobals) = postSolution
		SolutionGuid = {CF1DE73F-1058-4DC1-A16D-FB8099806584}
	EndGlobalSection
EndGlobal
